
Microsoft Visual Studio Solution File, Format Version 12.00
# Visual Studio Version 16
VisualStudioVersion = 16.0.30330.147
MinimumVisualStudioVersion = 10.0.40219.1
Project("{9A19103F-16F7-4668-BE54-9A1E7A4F7556}") = "TCGPlayer.Net", "TCGPlayer.Net\TCGPlayer.Net.csproj", "{F60809BD-E8BE-4B7C-8A75-3ADFE94DD5E0}"
EndProject
Project("{9A19103F-16F7-4668-BE54-9A1E7A4F7556}") = "TCGPlayer.Net.Example", "TCGPlayer.Net.Example\TCGPlayer.Net.Example.csproj", "{4E8DF8C1-4E8E-47A5-A998-45A715DC4975}"
EndProject
Project("{FAE04EC0-301F-11D3-BF4B-00C04F79EFBC}") = "TCGPlayer.Net.IntegrationTests", "TCGPlayer.Net.IntegrationTests\TCGPlayer.Net.IntegrationTests.csproj", "{C5E69486-3720-493C-982C-40DF390AAA4A}"
EndProject
Global
	GlobalSection(SolutionConfigurationPlatforms) = preSolution
		Debug|Any CPU = Debug|Any CPU
		Release|Any CPU = Release|Any CPU
	EndGlobalSection
	GlobalSection(ProjectConfigurationPlatforms) = postSolution
		{F60809BD-E8BE-4B7C-8A75-3ADFE94DD5E0}.Debug|Any CPU.ActiveCfg = Debug|Any CPU
		{F60809BD-E8BE-4B7C-8A75-3ADFE94DD5E0}.Debug|Any CPU.Build.0 = Debug|Any CPU
		{F60809BD-E8BE-4B7C-8A75-3ADFE94DD5E0}.Release|Any CPU.ActiveCfg = Release|Any CPU
		{F60809BD-E8BE-4B7C-8A75-3ADFE94DD5E0}.Release|Any CPU.Build.0 = Release|Any CPU
		{4E8DF8C1-4E8E-47A5-A998-45A715DC4975}.Debug|Any CPU.ActiveCfg = Debug|Any CPU
		{4E8DF8C1-4E8E-47A5-A998-45A715DC4975}.Debug|Any CPU.Build.0 = Debug|Any CPU
		{4E8DF8C1-4E8E-47A5-A998-45A715DC4975}.Release|Any CPU.ActiveCfg = Release|Any CPU
		{4E8DF8C1-4E8E-47A5-A998-45A715DC4975}.Release|Any CPU.Build.0 = Release|Any CPU
		{C5E69486-3720-493C-982C-40DF390AAA4A}.Debug|Any CPU.ActiveCfg = Debug|Any CPU
		{C5E69486-3720-493C-982C-40DF390AAA4A}.Debug|Any CPU.Build.0 = Debug|Any CPU
		{C5E69486-3720-493C-982C-40DF390AAA4A}.Release|Any CPU.ActiveCfg = Release|Any CPU
		{C5E69486-3720-493C-982C-40DF390AAA4A}.Release|Any CPU.Build.0 = Release|Any CPU
	EndGlobalSection
	GlobalSection(SolutionProperties) = preSolution
		HideSolutionNode = FALSE
	EndGlobalSection
	GlobalSection(ExtensibilityGlobals) = postSolution
		SolutionGuid = {A682A9C3-5380-4923-8D30-890A984B738F}
	EndGlobalSection
EndGlobal
